
Microsoft Visual Studio Solution File, Format Version 12.00
# Visual Studio Version 17
VisualStudioVersion = 17.8.34601.278
MinimumVisualStudioVersion = 10.0.40219.1
Project("{FAE04EC0-301F-11D3-BF4B-00C04F79EFBC}") = "BackPropagation", "BackPropagation\BackPropagation.csproj", "{C59A3641-00D2-42A1-BACA-D2FCCCF25D91}"
EndProject
Global
	GlobalSection(SolutionConfigurationPlatforms) = preSolution
		Debug|Any CPU = Debug|Any CPU
		Release|Any CPU = Release|Any CPU
	EndGlobalSection
	GlobalSection(ProjectConfigurationPlatforms) = postSolution
		{C59A3641-00D2-42A1-BACA-D2FCCCF25D91}.Debug|Any CPU.ActiveCfg = Debug|Any CPU
		{C59A3641-00D2-42A1-BACA-D2FCCCF25D91}.Debug|Any CPU.Build.0 = Debug|Any CPU
		{C59A3641-00D2-42A1-BACA-D2FCCCF25D91}.Release|Any CPU.ActiveCfg = Release|Any CPU
		{C59A3641-00D2-42A1-BACA-D2FCCCF25D91}.Release|Any CPU.Build.0 = Release|Any CPU
	EndGlobalSection
	GlobalSection(SolutionProperties) = preSolution
		HideSolutionNode = FALSE
	EndGlobalSection
	GlobalSection(ExtensibilityGlobals) = postSolution
		SolutionGuid = {CE5B7292-2A83-447C-9EC4-2AA6988AC7CA}
	EndGlobalSection
EndGlobal
